
Microsoft Visual Studio Solution File, Format Version 12.00
# Visual Studio 2013
VisualStudioVersion = 12.0.31101.0
MinimumVisualStudioVersion = 10.0.40219.1
Project("{FAE04EC0-301F-11D3-BF4B-00C04F79EFBC}") = "CouponWebSite", "CouponWebSite\CouponWebSite.csproj", "{2C46ADB7-293C-4ACC-8909-CBCDCBC0F4ED}"
EndProject
Project("{FAE04EC0-301F-11D3-BF4B-00C04F79EFBC}") = "CouponWebSite.Tests", "CouponWebSite.Tests\CouponWebSite.Tests.csproj", "{7D1CEB12-E1C1-4B3E-8918-D2C3AFC9B1B3}"
EndProject
Project("{2150E333-8FDC-42A3-9474-1A3956D46DE8}") = "PublishScripts", "PublishScripts", "{9ABA66F5-50B3-4A14-8E47-89FD1582C06A}"
	ProjectSection(SolutionItems) = preProject
		PublishScripts\AzureWebsitePublishModule.psm1 = PublishScripts\AzureWebsitePublishModule.psm1
		PublishScripts\Publish-WebApplicationWebsite.ps1 = PublishScripts\Publish-WebApplicationWebsite.ps1
	EndProjectSection
EndProject
Project("{2150E333-8FDC-42A3-9474-1A3956D46DE8}") = "Configurations", "Configurations", "{E29BF9DA-161D-4B2E-977B-4A8787CABDF0}"
	ProjectSection(SolutionItems) = preProject
		PublishScripts\Configurations\CouponWebSite-WAWS-dev.json = PublishScripts\Configurations\CouponWebSite-WAWS-dev.json
	EndProjectSection
EndProject
Global
	GlobalSection(SolutionConfigurationPlatforms) = preSolution
		Debug|Any CPU = Debug|Any CPU
		Release|Any CPU = Release|Any CPU
	EndGlobalSection
	GlobalSection(ProjectConfigurationPlatforms) = postSolution
		{2C46ADB7-293C-4ACC-8909-CBCDCBC0F4ED}.Debug|Any CPU.ActiveCfg = Debug|Any CPU
		{2C46ADB7-293C-4ACC-8909-CBCDCBC0F4ED}.Debug|Any CPU.Build.0 = Debug|Any CPU
		{2C46ADB7-293C-4ACC-8909-CBCDCBC0F4ED}.Release|Any CPU.ActiveCfg = Release|Any CPU
		{2C46ADB7-293C-4ACC-8909-CBCDCBC0F4ED}.Release|Any CPU.Build.0 = Release|Any CPU
		{7D1CEB12-E1C1-4B3E-8918-D2C3AFC9B1B3}.Debug|Any CPU.ActiveCfg = Debug|Any CPU
		{7D1CEB12-E1C1-4B3E-8918-D2C3AFC9B1B3}.Debug|Any CPU.Build.0 = Debug|Any CPU
		{7D1CEB12-E1C1-4B3E-8918-D2C3AFC9B1B3}.Release|Any CPU.ActiveCfg = Release|Any CPU
		{7D1CEB12-E1C1-4B3E-8918-D2C3AFC9B1B3}.Release|Any CPU.Build.0 = Release|Any CPU
	EndGlobalSection
	GlobalSection(SolutionProperties) = preSolution
		HideSolutionNode = FALSE
	EndGlobalSection
	GlobalSection(NestedProjects) = preSolution
		{E29BF9DA-161D-4B2E-977B-4A8787CABDF0} = {9ABA66F5-50B3-4A14-8E47-89FD1582C06A}
	EndGlobalSection
EndGlobal
